
Microsoft Visual Studio Solution File, Format Version 12.00
# Visual Studio 15
VisualStudioVersion = 15.0.28307.329
MinimumVisualStudioVersion = 10.0.40219.1
Project("{FAE04EC0-301F-11D3-BF4B-00C04F79EFBC}") = "TechKnowPro", "TechKnowPro\TechKnowPro.csproj", "{2D95B2E8-E294-4B12-AF6B-2245183435A9}"
EndProject
Global
	GlobalSection(SolutionConfigurationPlatforms) = preSolution
		Debug|Any CPU = Debug|Any CPU
		Release|Any CPU = Release|Any CPU
	EndGlobalSection
	GlobalSection(ProjectConfigurationPlatforms) = postSolution
		{2D95B2E8-E294-4B12-AF6B-2245183435A9}.Debug|Any CPU.ActiveCfg = Debug|Any CPU
		{2D95B2E8-E294-4B12-AF6B-2245183435A9}.Debug|Any CPU.Build.0 = Debug|Any CPU
		{2D95B2E8-E294-4B12-AF6B-2245183435A9}.Release|Any CPU.ActiveCfg = Release|Any CPU
		{2D95B2E8-E294-4B12-AF6B-2245183435A9}.Release|Any CPU.Build.0 = Release|Any CPU
	EndGlobalSection
	GlobalSection(SolutionProperties) = preSolution
		HideSolutionNode = FALSE
	EndGlobalSection
	GlobalSection(ExtensibilityGlobals) = postSolution
		SolutionGuid = {2EC1A326-BD54-487A-8D8A-46A63EDDE8CE}
	EndGlobalSection
EndGlobal
